
Microsoft Visual Studio Solution File, Format Version 12.00
# Visual Studio Version 16
VisualStudioVersion = 16.0.30907.101
MinimumVisualStudioVersion = 10.0.40219.1
Project("{9A19103F-16F7-4668-BE54-9A1E7A4F7556}") = "Sample1", "..\Sample1\Sample1.csproj", "{62BBE4D3-F316-40D6-8253-CD163651DED1}"
EndProject
Project("{9A19103F-16F7-4668-BE54-9A1E7A4F7556}") = "Sample2", "..\Sample2\Sample2.csproj", "{28B15CFA-4A05-4E61-AF3F-A43E13DAE8BB}"
EndProject
Project("{FAE04EC0-301F-11D3-BF4B-00C04F79EFBC}") = "Sample3", "Sample3\Sample3.csproj", "{F7315FBA-5794-4B71-A166-22A7DF91DE26}"
EndProject
Project("{FAE04EC0-301F-11D3-BF4B-00C04F79EFBC}") = "Sample4", "Sample4\Sample4.csproj", "{F6B162B2-D809-4762-B05D-064158E139DF}"
EndProject
Project("{FAE04EC0-301F-11D3-BF4B-00C04F79EFBC}") = "Sample5", "Sample5\Sample5.csproj", "{0B86B7F2-3C71-404C-A10F-A1FCCA8C5056}"
EndProject
Project("{FAE04EC0-301F-11D3-BF4B-00C04F79EFBC}") = "Sample6", "Sample6\Sample6.csproj", "{A37CA0C2-CB39-46AD-9A33-B92B29B6E7BC}"
EndProject
Global
	GlobalSection(SolutionConfigurationPlatforms) = preSolution
		Debug|Any CPU = Debug|Any CPU
		Release|Any CPU = Release|Any CPU
	EndGlobalSection
	GlobalSection(ProjectConfigurationPlatforms) = postSolution
		{62BBE4D3-F316-40D6-8253-CD163651DED1}.Debug|Any CPU.ActiveCfg = Debug|Any CPU
		{62BBE4D3-F316-40D6-8253-CD163651DED1}.Debug|Any CPU.Build.0 = Debug|Any CPU
		{62BBE4D3-F316-40D6-8253-CD163651DED1}.Release|Any CPU.ActiveCfg = Release|Any CPU
		{62BBE4D3-F316-40D6-8253-CD163651DED1}.Release|Any CPU.Build.0 = Release|Any CPU
		{28B15CFA-4A05-4E61-AF3F-A43E13DAE8BB}.Debug|Any CPU.ActiveCfg = Debug|Any CPU
		{28B15CFA-4A05-4E61-AF3F-A43E13DAE8BB}.Debug|Any CPU.Build.0 = Debug|Any CPU
		{28B15CFA-4A05-4E61-AF3F-A43E13DAE8BB}.Release|Any CPU.ActiveCfg = Release|Any CPU
		{28B15CFA-4A05-4E61-AF3F-A43E13DAE8BB}.Release|Any CPU.Build.0 = Release|Any CPU
		{F7315FBA-5794-4B71-A166-22A7DF91DE26}.Debug|Any CPU.ActiveCfg = Debug|Any CPU
		{F7315FBA-5794-4B71-A166-22A7DF91DE26}.Debug|Any CPU.Build.0 = Debug|Any CPU
		{F7315FBA-5794-4B71-A166-22A7DF91DE26}.Release|Any CPU.ActiveCfg = Release|Any CPU
		{F7315FBA-5794-4B71-A166-22A7DF91DE26}.Release|Any CPU.Build.0 = Release|Any CPU
		{F6B162B2-D809-4762-B05D-064158E139DF}.Debug|Any CPU.ActiveCfg = Debug|Any CPU
		{F6B162B2-D809-4762-B05D-064158E139DF}.Debug|Any CPU.Build.0 = Debug|Any CPU
		{F6B162B2-D809-4762-B05D-064158E139DF}.Release|Any CPU.ActiveCfg = Release|Any CPU
		{F6B162B2-D809-4762-B05D-064158E139DF}.Release|Any CPU.Build.0 = Release|Any CPU
		{0B86B7F2-3C71-404C-A10F-A1FCCA8C5056}.Debug|Any CPU.ActiveCfg = Debug|Any CPU
		{0B86B7F2-3C71-404C-A10F-A1FCCA8C5056}.Debug|Any CPU.Build.0 = Debug|Any CPU
		{0B86B7F2-3C71-404C-A10F-A1FCCA8C5056}.Release|Any CPU.ActiveCfg = Release|Any CPU
		{0B86B7F2-3C71-404C-A10F-A1FCCA8C5056}.Release|Any CPU.Build.0 = Release|Any CPU
		{A37CA0C2-CB39-46AD-9A33-B92B29B6E7BC}.Debug|Any CPU.ActiveCfg = Debug|Any CPU
		{A37CA0C2-CB39-46AD-9A33-B92B29B6E7BC}.Debug|Any CPU.Build.0 = Debug|Any CPU
		{A37CA0C2-CB39-46AD-9A33-B92B29B6E7BC}.Release|Any CPU.ActiveCfg = Release|Any CPU
		{A37CA0C2-CB39-46AD-9A33-B92B29B6E7BC}.Release|Any CPU.Build.0 = Release|Any CPU
	EndGlobalSection
	GlobalSection(SolutionProperties) = preSolution
		HideSolutionNode = FALSE
	EndGlobalSection
	GlobalSection(ExtensibilityGlobals) = postSolution
		SolutionGuid = {E379A3E8-08D9-473A-8F5F-5B48D5F2DD0A}
	EndGlobalSection
EndGlobal
